{
  "object": {
    "pins": [
      {
        "package": "JsonModel",
        "repositoryURL": "https://github.com/Sage-Bionetworks/JsonModel-Swift.git",
        "state": {
          "branch": "tweeks",
          "revision": "abb81758bc625a4fd814c07ee83d636789ec5d75",
          "version": null
        }
      }
    ]
  },
  "version": 1
}
