{
  "object": {
    "pins": [
      {
        "package": "JsonModel",
        "repositoryURL": "https://github.com/Sage-Bionetworks/JsonModel-Swift.git",
        "state": {
          "branch": "move-methods",
          "revision": "161499441a2e78ccc58184135a2224dcd394c1bb",
          "version": null
        }
      }
    ]
  },
  "version": 1
}
