{
  "object": {
    "pins": [
      {
        "package": "JsonModel",
        "repositoryURL": "https://github.com/Sage-Bionetworks/JsonModel-Swift.git",
        "state": {
          "branch": null,
          "revision": "d22f714f3f5d25c7efd231e14f23b3bd2d8d858c",
          "version": "1.1.0"
        }
      }
    ]
  },
  "version": 1
}
