{
  "object": {
    "pins": [
      {
        "package": "AssessmentModel",
        "repositoryURL": "https://github.com/Sage-Bionetworks/AssessmentModelKMM.git",
        "state": {
          "branch": null,
          "revision": "345ff22602e119a44815889512bcc524da504300",
          "version": "1.0.0"
        }
      },
      {
        "package": "JsonModel",
        "repositoryURL": "https://github.com/Sage-Bionetworks/JsonModel-Swift.git",
        "state": {
          "branch": null,
          "revision": "4431edad387697d8db879212c4ca8dacbc436b5f",
          "version": "1.6.0"
        }
      },
      {
        "package": "MobilePassiveData",
        "repositoryURL": "https://github.com/Sage-Bionetworks/MobilePassiveData-SDK.git",
        "state": {
          "branch": null,
          "revision": "5c1b98eedde37fd6a898798c031f5e7d863404b3",
          "version": "1.4.0"
        }
      }
    ]
  },
  "version": 1
}
