{
  "object": {
    "pins": [
      {
        "package": "JsonModel",
        "repositoryURL": "https://github.com/Sage-Bionetworks/JsonModel-Swift.git",
        "state": {
          "branch": null,
          "revision": "996d4807c42f0660c62b4cec0f95230dd1341639",
          "version": "1.5.0"
        }
      },
      {
        "package": "MobilePassiveData",
        "repositoryURL": "https://github.com/Sage-Bionetworks/MobilePassiveData-SDK.git",
        "state": {
          "branch": null,
          "revision": "d4aa711788304be57c8e482a89719d734d85435a",
          "version": "1.3.0"
        }
      }
    ]
  },
  "version": 1
}
