// !$*UTF8*$!
{
	archiveVersion = 1;
	classes = {
	};
	objectVersion = 55;
	objects = {

/* Begin PBXBuildFile section */
		FFA462712706389C00BF0FC5 /* SwiftUITestAppApp.swift in Sources */ = {isa = PBXBuildFile; fileRef = FFA462702706389C00BF0FC5 /* SwiftUITestAppApp.swift */; };
		FFA462732706389C00BF0FC5 /* ContentView.swift in Sources */ = {isa = PBXBuildFile; fileRef = FFA462722706389C00BF0FC5 /* ContentView.swift */; };
		FFA462752706389F00BF0FC5 /* Assets.xcassets in Resources */ = {isa = PBXBuildFile; fileRef = FFA462742706389F00BF0FC5 /* Assets.xcassets */; };
		FFA462782706389F00BF0FC5 /* Preview Assets.xcassets in Resources */ = {isa = PBXBuildFile; fileRef = FFA462772706389F00BF0FC5 /* Preview Assets.xcassets */; };
		FFA4628B27063A6C00BF0FC5 /* CustomTask.swift in Sources */ = {isa = PBXBuildFile; fileRef = FFA4628A27063A6C00BF0FC5 /* CustomTask.swift */; };
		FFEE26DE270D25A700E37DD5 /* Storyboard.storyboard in Resources */ = {isa = PBXBuildFile; fileRef = FFEE26DD270D25A700E37DD5 /* Storyboard.storyboard */; };
		FFFF9D8C27E161D6002C6BD5 /* Research in Frameworks */ = {isa = PBXBuildFile; productRef = FFFF9D8B27E161D6002C6BD5 /* Research */; };
		FFFF9D8E27E161D6002C6BD5 /* ResearchUI in Frameworks */ = {isa = PBXBuildFile; productRef = FFFF9D8D27E161D6002C6BD5 /* ResearchUI */; };
/* End PBXBuildFile section */

/* Begin PBXFileReference section */
		FFA4626D2706389C00BF0FC5 /* SwiftUITestApp.app */ = {isa = PBXFileReference; explicitFileType = wrapper.application; includeInIndex = 0; path = SwiftUITestApp.app; sourceTree = BUILT_PRODUCTS_DIR; };
		FFA462702706389C00BF0FC5 /* SwiftUITestAppApp.swift */ = {isa = PBXFileReference; lastKnownFileType = sourcecode.swift; path = SwiftUITestAppApp.swift; sourceTree = "<group>"; };
		FFA462722706389C00BF0FC5 /* ContentView.swift */ = {isa = PBXFileReference; lastKnownFileType = sourcecode.swift; path = ContentView.swift; sourceTree = "<group>"; };
		FFA462742706389F00BF0FC5 /* Assets.xcassets */ = {isa = PBXFileReference; lastKnownFileType = folder.assetcatalog; path = Assets.xcassets; sourceTree = "<group>"; };
		FFA462772706389F00BF0FC5 /* Preview Assets.xcassets */ = {isa = PBXFileReference; lastKnownFileType = folder.assetcatalog; path = "Preview Assets.xcassets"; sourceTree = "<group>"; };
		FFA4628A27063A6C00BF0FC5 /* CustomTask.swift */ = {isa = PBXFileReference; lastKnownFileType = sourcecode.swift; path = CustomTask.swift; sourceTree = "<group>"; };
		FFEE26DD270D25A700E37DD5 /* Storyboard.storyboard */ = {isa = PBXFileReference; lastKnownFileType = file.storyboard; path = Storyboard.storyboard; sourceTree = "<group>"; };
/* End PBXFileReference section */

/* Begin PBXFrameworksBuildPhase section */
		FFA4626A2706389C00BF0FC5 /* Frameworks */ = {
			isa = PBXFrameworksBuildPhase;
			buildActionMask = 2147483647;
			files = (
				FFFF9D8C27E161D6002C6BD5 /* Research in Frameworks */,
				FFFF9D8E27E161D6002C6BD5 /* ResearchUI in Frameworks */,
			);
			runOnlyForDeploymentPostprocessing = 0;
		};
/* End PBXFrameworksBuildPhase section */

/* Begin PBXGroup section */
		FFA462642706389C00BF0FC5 = {
			isa = PBXGroup;
			children = (
				FFA4626F2706389C00BF0FC5 /* SwiftUITestApp */,
				FFA4626E2706389C00BF0FC5 /* Products */,
				FFA4628F27063EDA00BF0FC5 /* Frameworks */,
			);
			sourceTree = "<group>";
		};
		FFA4626E2706389C00BF0FC5 /* Products */ = {
			isa = PBXGroup;
			children = (
				FFA4626D2706389C00BF0FC5 /* SwiftUITestApp.app */,
			);
			name = Products;
			sourceTree = "<group>";
		};
		FFA4626F2706389C00BF0FC5 /* SwiftUITestApp */ = {
			isa = PBXGroup;
			children = (
				FFA462702706389C00BF0FC5 /* SwiftUITestAppApp.swift */,
				FFA462722706389C00BF0FC5 /* ContentView.swift */,
				FFA4628A27063A6C00BF0FC5 /* CustomTask.swift */,
				FFEE26DD270D25A700E37DD5 /* Storyboard.storyboard */,
				FFA462742706389F00BF0FC5 /* Assets.xcassets */,
				FFA462762706389F00BF0FC5 /* Preview Content */,
			);
			path = SwiftUITestApp;
			sourceTree = "<group>";
		};
		FFA462762706389F00BF0FC5 /* Preview Content */ = {
			isa = PBXGroup;
			children = (
				FFA462772706389F00BF0FC5 /* Preview Assets.xcassets */,
			);
			path = "Preview Content";
			sourceTree = "<group>";
		};
		FFA4628F27063EDA00BF0FC5 /* Frameworks */ = {
			isa = PBXGroup;
			children = (
			);
			name = Frameworks;
			sourceTree = "<group>";
		};
/* End PBXGroup section */

/* Begin PBXNativeTarget section */
		FFA4626C2706389C00BF0FC5 /* SwiftUITestApp */ = {
			isa = PBXNativeTarget;
			buildConfigurationList = FFA4627B2706389F00BF0FC5 /* Build configuration list for PBXNativeTarget "SwiftUITestApp" */;
			buildPhases = (
				FFA462692706389C00BF0FC5 /* Sources */,
				FFA4626A2706389C00BF0FC5 /* Frameworks */,
				FFA4626B2706389C00BF0FC5 /* Resources */,
			);
			buildRules = (
			);
			dependencies = (
			);
			name = SwiftUITestApp;
			packageProductDependencies = (
				FFFF9D8B27E161D6002C6BD5 /* Research */,
				FFFF9D8D27E161D6002C6BD5 /* ResearchUI */,
			);
			productName = SwiftUITestApp;
			productReference = FFA4626D2706389C00BF0FC5 /* SwiftUITestApp.app */;
			productType = "com.apple.product-type.application";
		};
/* End PBXNativeTarget section */

/* Begin PBXProject section */
		FFA462652706389C00BF0FC5 /* Project object */ = {
			isa = PBXProject;
			attributes = {
				BuildIndependentTargetsInParallel = 1;
				LastSwiftUpdateCheck = 1300;
				LastUpgradeCheck = 1300;
				TargetAttributes = {
					FFA4626C2706389C00BF0FC5 = {
						CreatedOnToolsVersion = 13.0;
					};
				};
			};
			buildConfigurationList = FFA462682706389C00BF0FC5 /* Build configuration list for PBXProject "SwiftUITestApp" */;
			compatibilityVersion = "Xcode 13.0";
			developmentRegion = en;
			hasScannedForEncodings = 0;
			knownRegions = (
				en,
				Base,
			);
			mainGroup = FFA462642706389C00BF0FC5;
			productRefGroup = FFA4626E2706389C00BF0FC5 /* Products */;
			projectDirPath = "";
			projectRoot = "";
			targets = (
				FFA4626C2706389C00BF0FC5 /* SwiftUITestApp */,
			);
		};
/* End PBXProject section */

/* Begin PBXResourcesBuildPhase section */
		FFA4626B2706389C00BF0FC5 /* Resources */ = {
			isa = PBXResourcesBuildPhase;
			buildActionMask = 2147483647;
			files = (
				FFA462782706389F00BF0FC5 /* Preview Assets.xcassets in Resources */,
				FFA462752706389F00BF0FC5 /* Assets.xcassets in Resources */,
				FFEE26DE270D25A700E37DD5 /* Storyboard.storyboard in Resources */,
			);
			runOnlyForDeploymentPostprocessing = 0;
		};
/* End PBXResourcesBuildPhase section */

/* Begin PBXSourcesBuildPhase section */
		FFA462692706389C00BF0FC5 /* Sources */ = {
			isa = PBXSourcesBuildPhase;
			buildActionMask = 2147483647;
			files = (
				FFA4628B27063A6C00BF0FC5 /* CustomTask.swift in Sources */,
				FFA462732706389C00BF0FC5 /* ContentView.swift in Sources */,
				FFA462712706389C00BF0FC5 /* SwiftUITestAppApp.swift in Sources */,
			);
			runOnlyForDeploymentPostprocessing = 0;
		};
/* End PBXSourcesBuildPhase section */

/* Begin XCBuildConfiguration section */
		FFA462792706389F00BF0FC5 /* Debug */ = {
			isa = XCBuildConfiguration;
			buildSettings = {
				ALWAYS_SEARCH_USER_PATHS = NO;
				CLANG_ANALYZER_NONNULL = YES;
				CLANG_ANALYZER_NUMBER_OBJECT_CONVERSION = YES_AGGRESSIVE;
				CLANG_CXX_LANGUAGE_STANDARD = "gnu++17";
				CLANG_CXX_LIBRARY = "libc++";
				CLANG_ENABLE_MODULES = YES;
				CLANG_ENABLE_OBJC_ARC = YES;
				CLANG_ENABLE_OBJC_WEAK = YES;
				CLANG_WARN_BLOCK_CAPTURE_AUTORELEASING = YES;
				CLANG_WARN_BOOL_CONVERSION = YES;
				CLANG_WARN_COMMA = YES;
				CLANG_WARN_CONSTANT_CONVERSION = YES;
				CLANG_WARN_DEPRECATED_OBJC_IMPLEMENTATIONS = YES;
				CLANG_WARN_DIRECT_OBJC_ISA_USAGE = YES_ERROR;
				CLANG_WARN_DOCUMENTATION_COMMENTS = YES;
				CLANG_WARN_EMPTY_BODY = YES;
				CLANG_WARN_ENUM_CONVERSION = YES;
				CLANG_WARN_INFINITE_RECURSION = YES;
				CLANG_WARN_INT_CONVERSION = YES;
				CLANG_WARN_NON_LITERAL_NULL_CONVERSION = YES;
				CLANG_WARN_OBJC_IMPLICIT_RETAIN_SELF = YES;
				CLANG_WARN_OBJC_LITERAL_CONVERSION = YES;
				CLANG_WARN_OBJC_ROOT_CLASS = YES_ERROR;
				CLANG_WARN_QUOTED_INCLUDE_IN_FRAMEWORK_HEADER = YES;
				CLANG_WARN_RANGE_LOOP_ANALYSIS = YES;
				CLANG_WARN_STRICT_PROTOTYPES = YES;
				CLANG_WARN_SUSPICIOUS_MOVE = YES;
				CLANG_WARN_UNGUARDED_AVAILABILITY = YES_AGGRESSIVE;
				CLANG_WARN_UNREACHABLE_CODE = YES;
				CLANG_WARN__DUPLICATE_METHOD_MATCH = YES;
				COPY_PHASE_STRIP = NO;
				DEBUG_INFORMATION_FORMAT = dwarf;
				ENABLE_STRICT_OBJC_MSGSEND = YES;
				ENABLE_TESTABILITY = YES;
				GCC_C_LANGUAGE_STANDARD = gnu11;
				GCC_DYNAMIC_NO_PIC = NO;
				GCC_NO_COMMON_BLOCKS = YES;
				GCC_OPTIMIZATION_LEVEL = 0;
				GCC_PREPROCESSOR_DEFINITIONS = (
					"DEBUG=1",
					"$(inherited)",
				);
				GCC_WARN_64_TO_32_BIT_CONVERSION = YES;
				GCC_WARN_ABOUT_RETURN_TYPE = YES_ERROR;
				GCC_WARN_UNDECLARED_SELECTOR = YES;
				GCC_WARN_UNINITIALIZED_AUTOS = YES_AGGRESSIVE;
				GCC_WARN_UNUSED_FUNCTION = YES;
				GCC_WARN_UNUSED_VARIABLE = YES;
				IPHONEOS_DEPLOYMENT_TARGET = 15.0;
				MTL_ENABLE_DEBUG_INFO = INCLUDE_SOURCE;
				MTL_FAST_MATH = YES;
				ONLY_ACTIVE_ARCH = YES;
				SDKROOT = iphoneos;
				SWIFT_ACTIVE_COMPILATION_CONDITIONS = DEBUG;
				SWIFT_OPTIMIZATION_LEVEL = "-Onone";
			};
			name = Debug;
		};
		FFA4627A2706389F00BF0FC5 /* Release */ = {
			isa = XCBuildConfiguration;
			buildSettings = {
				ALWAYS_SEARCH_USER_PATHS = NO;
				CLANG_ANALYZER_NONNULL = YES;
				CLANG_ANALYZER_NUMBER_OBJECT_CONVERSION = YES_AGGRESSIVE;
				CLANG_CXX_LANGUAGE_STANDARD = "gnu++17";
				CLANG_CXX_LIBRARY = "libc++";
				CLANG_ENABLE_MODULES = YES;
				CLANG_ENABLE_OBJC_ARC = YES;
				CLANG_ENABLE_OBJC_WEAK = YES;
				CLANG_WARN_BLOCK_CAPTURE_AUTORELEASING = YES;
				CLANG_WARN_BOOL_CONVERSION = YES;
				CLANG_WARN_COMMA = YES;
				CLANG_WARN_CONSTANT_CONVERSION = YES;
				CLANG_WARN_DEPRECATED_OBJC_IMPLEMENTATIONS = YES;
				CLANG_WARN_DIRECT_OBJC_ISA_USAGE = YES_ERROR;
				CLANG_WARN_DOCUMENTATION_COMMENTS = YES;
				CLANG_WARN_EMPTY_BODY = YES;
				CLANG_WARN_ENUM_CONVERSION = YES;
				CLANG_WARN_INFINITE_RECURSION = YES;
				CLANG_WARN_INT_CONVERSION = YES;
				CLANG_WARN_NON_LITERAL_NULL_CONVERSION = YES;
				CLANG_WARN_OBJC_IMPLICIT_RETAIN_SELF = YES;
				CLANG_WARN_OBJC_LITERAL_CONVERSION = YES;
				CLANG_WARN_OBJC_ROOT_CLASS = YES_ERROR;
				CLANG_WARN_QUOTED_INCLUDE_IN_FRAMEWORK_HEADER = YES;
				CLANG_WARN_RANGE_LOOP_ANALYSIS = YES;
				CLANG_WARN_STRICT_PROTOTYPES = YES;
				CLANG_WARN_SUSPICIOUS_MOVE = YES;
				CLANG_WARN_UNGUARDED_AVAILABILITY = YES_AGGRESSIVE;
				CLANG_WARN_UNREACHABLE_CODE = YES;
				CLANG_WARN__DUPLICATE_METHOD_MATCH = YES;
				COPY_PHASE_STRIP = NO;
				DEBUG_INFORMATION_FORMAT = "dwarf-with-dsym";
				ENABLE_NS_ASSERTIONS = NO;
				ENABLE_STRICT_OBJC_MSGSEND = YES;
				GCC_C_LANGUAGE_STANDARD = gnu11;
				GCC_NO_COMMON_BLOCKS = YES;
				GCC_WARN_64_TO_32_BIT_CONVERSION = YES;
				GCC_WARN_ABOUT_RETURN_TYPE = YES_ERROR;
				GCC_WARN_UNDECLARED_SELECTOR = YES;
				GCC_WARN_UNINITIALIZED_AUTOS = YES_AGGRESSIVE;
				GCC_WARN_UNUSED_FUNCTION = YES;
				GCC_WARN_UNUSED_VARIABLE = YES;
				IPHONEOS_DEPLOYMENT_TARGET = 15.0;
				MTL_ENABLE_DEBUG_INFO = NO;
				MTL_FAST_MATH = YES;
				SDKROOT = iphoneos;
				SWIFT_COMPILATION_MODE = wholemodule;
				SWIFT_OPTIMIZATION_LEVEL = "-O";
				VALIDATE_PRODUCT = YES;
			};
			name = Release;
		};
		FFA4627C2706389F00BF0FC5 /* Debug */ = {
			isa = XCBuildConfiguration;
			buildSettings = {
				ASSETCATALOG_COMPILER_APPICON_NAME = AppIcon;
				ASSETCATALOG_COMPILER_GLOBAL_ACCENT_COLOR_NAME = AccentColor;
				CODE_SIGN_STYLE = Automatic;
				CURRENT_PROJECT_VERSION = 1;
				DEVELOPMENT_ASSET_PATHS = "\"SwiftUITestApp/Preview Content\"";
				DEVELOPMENT_TEAM = KA9Z8R6M6K;
				ENABLE_PREVIEWS = YES;
				GENERATE_INFOPLIST_FILE = YES;
				INFOPLIST_KEY_UIApplicationSceneManifest_Generation = YES;
				INFOPLIST_KEY_UIApplicationSupportsIndirectInputEvents = YES;
				INFOPLIST_KEY_UILaunchScreen_Generation = YES;
				INFOPLIST_KEY_UISupportedInterfaceOrientations = "UIInterfaceOrientationPortrait UIInterfaceOrientationLandscapeLeft UIInterfaceOrientationLandscapeRight";
				INFOPLIST_KEY_UISupportedInterfaceOrientations_iPad = "UIInterfaceOrientationPortrait UIInterfaceOrientationPortraitUpsideDown UIInterfaceOrientationLandscapeLeft UIInterfaceOrientationLandscapeRight";
				INFOPLIST_KEY_UISupportedInterfaceOrientations_iPhone = "UIInterfaceOrientationPortrait UIInterfaceOrientationLandscapeLeft UIInterfaceOrientationLandscapeRight";
				IPHONEOS_DEPLOYMENT_TARGET = 14.0;
				LD_RUNPATH_SEARCH_PATHS = (
					"$(inherited)",
					"@executable_path/Frameworks",
				);
				MARKETING_VERSION = 1.0;
				PRODUCT_BUNDLE_IDENTIFIER = org.sagebase.SwiftUITestApp;
				PRODUCT_NAME = "$(TARGET_NAME)";
				SWIFT_EMIT_LOC_STRINGS = YES;
				SWIFT_VERSION = 5.0;
				TARGETED_DEVICE_FAMILY = 1;
			};
			name = Debug;
		};
		FFA4627D2706389F00BF0FC5 /* Release */ = {
			isa = XCBuildConfiguration;
			buildSettings = {
				ASSETCATALOG_COMPILER_APPICON_NAME = AppIcon;
				ASSETCATALOG_COMPILER_GLOBAL_ACCENT_COLOR_NAME = AccentColor;
				CODE_SIGN_STYLE = Automatic;
				CURRENT_PROJECT_VERSION = 1;
				DEVELOPMENT_ASSET_PATHS = "\"SwiftUITestApp/Preview Content\"";
				DEVELOPMENT_TEAM = KA9Z8R6M6K;
				ENABLE_PREVIEWS = YES;
				GENERATE_INFOPLIST_FILE = YES;
				INFOPLIST_KEY_UIApplicationSceneManifest_Generation = YES;
				INFOPLIST_KEY_UIApplicationSupportsIndirectInputEvents = YES;
				INFOPLIST_KEY_UILaunchScreen_Generation = YES;
				INFOPLIST_KEY_UISupportedInterfaceOrientations = "UIInterfaceOrientationPortrait UIInterfaceOrientationLandscapeLeft UIInterfaceOrientationLandscapeRight";
				INFOPLIST_KEY_UISupportedInterfaceOrientations_iPad = "UIInterfaceOrientationPortrait UIInterfaceOrientationPortraitUpsideDown UIInterfaceOrientationLandscapeLeft UIInterfaceOrientationLandscapeRight";
				INFOPLIST_KEY_UISupportedInterfaceOrientations_iPhone = "UIInterfaceOrientationPortrait UIInterfaceOrientationLandscapeLeft UIInterfaceOrientationLandscapeRight";
				IPHONEOS_DEPLOYMENT_TARGET = 14.0;
				LD_RUNPATH_SEARCH_PATHS = (
					"$(inherited)",
					"@executable_path/Frameworks",
				);
				MARKETING_VERSION = 1.0;
				PRODUCT_BUNDLE_IDENTIFIER = org.sagebase.SwiftUITestApp;
				PRODUCT_NAME = "$(TARGET_NAME)";
				SWIFT_EMIT_LOC_STRINGS = YES;
				SWIFT_VERSION = 5.0;
				TARGETED_DEVICE_FAMILY = 1;
			};
			name = Release;
		};
/* End XCBuildConfiguration section */

/* Begin XCConfigurationList section */
		FFA462682706389C00BF0FC5 /* Build configuration list for PBXProject "SwiftUITestApp" */ = {
			isa = XCConfigurationList;
			buildConfigurations = (
				FFA462792706389F00BF0FC5 /* Debug */,
				FFA4627A2706389F00BF0FC5 /* Release */,
			);
			defaultConfigurationIsVisible = 0;
			defaultConfigurationName = Release;
		};
		FFA4627B2706389F00BF0FC5 /* Build configuration list for PBXNativeTarget "SwiftUITestApp" */ = {
			isa = XCConfigurationList;
			buildConfigurations = (
				FFA4627C2706389F00BF0FC5 /* Debug */,
				FFA4627D2706389F00BF0FC5 /* Release */,
			);
			defaultConfigurationIsVisible = 0;
			defaultConfigurationName = Release;
		};
/* End XCConfigurationList section */

/* Begin XCSwiftPackageProductDependency section */
		FFFF9D8B27E161D6002C6BD5 /* Research */ = {
			isa = XCSwiftPackageProductDependency;
			productName = Research;
		};
		FFFF9D8D27E161D6002C6BD5 /* ResearchUI */ = {
			isa = XCSwiftPackageProductDependency;
			productName = ResearchUI;
		};
/* End XCSwiftPackageProductDependency section */
	};
	rootObject = FFA462652706389C00BF0FC5 /* Project object */;
}
