// !$*UTF8*$!
{
	archiveVersion = 1;
	classes = {
	};
	objectVersion = 48;
	objects = {

/* Begin PBXBuildFile section */
		F810CF3C202E3BB7009C49C9 /* Recorder_Distance.json in Resources */ = {isa = PBXBuildFile; fileRef = F810CF3B202E3BB7009C49C9 /* Recorder_Distance.json */; };
		F8B1777E202CD31700B62416 /* README.md in Resources */ = {isa = PBXBuildFile; fileRef = F8B1777D202CD31700B62416 /* README.md */; };
		F8B17786202CD73B00B62416 /* AppDelegate.swift in Sources */ = {isa = PBXBuildFile; fileRef = F8B17785202CD73B00B62416 /* AppDelegate.swift */; };
		F8B17788202CD73B00B62416 /* TaskGroupTableViewController.swift in Sources */ = {isa = PBXBuildFile; fileRef = F8B17787202CD73B00B62416 /* TaskGroupTableViewController.swift */; };
		F8B1778B202CD73B00B62416 /* Main.storyboard in Resources */ = {isa = PBXBuildFile; fileRef = F8B17789202CD73B00B62416 /* Main.storyboard */; };
		F8B1778D202CD73B00B62416 /* Assets.xcassets in Resources */ = {isa = PBXBuildFile; fileRef = F8B1778C202CD73B00B62416 /* Assets.xcassets */; };
		F8B17790202CD73B00B62416 /* LaunchScreen.storyboard in Resources */ = {isa = PBXBuildFile; fileRef = F8B1778E202CD73B00B62416 /* LaunchScreen.storyboard */; };
		F8B1779B202CD73B00B62416 /* RSDCatalogTests.swift in Sources */ = {isa = PBXBuildFile; fileRef = F8B1779A202CD73B00B62416 /* RSDCatalogTests.swift */; };
		F8B177A6202CD73B00B62416 /* RSDCatalogUITests.swift in Sources */ = {isa = PBXBuildFile; fileRef = F8B177A5202CD73B00B62416 /* RSDCatalogUITests.swift */; };
		F8B177B8202CE10E00B62416 /* FormStep_Picker.json in Resources */ = {isa = PBXBuildFile; fileRef = F8B177B3202CE10D00B62416 /* FormStep_Picker.json */; };
		F8B177B9202CE10E00B62416 /* Recorder_Motion.json in Resources */ = {isa = PBXBuildFile; fileRef = F8B177B4202CE10D00B62416 /* Recorder_Motion.json */; };
		F8B177BA202CE10E00B62416 /* FormStep_List.json in Resources */ = {isa = PBXBuildFile; fileRef = F8B177B5202CE10D00B62416 /* FormStep_List.json */; };
		F8B177BB202CE10E00B62416 /* TaskGroups.json in Resources */ = {isa = PBXBuildFile; fileRef = F8B177B6202CE10D00B62416 /* TaskGroups.json */; };
		F8B177BC202CE10E00B62416 /* FormStep_Textfield.json in Resources */ = {isa = PBXBuildFile; fileRef = F8B177B7202CE10E00B62416 /* FormStep_Textfield.json */; };
		F8B177C9202D010E00B62416 /* CatalogFactory.swift in Sources */ = {isa = PBXBuildFile; fileRef = F8B177C8202D010E00B62416 /* CatalogFactory.swift */; };
		F8B177DD202D0BF500B62416 /* TaskTableViewController.swift in Sources */ = {isa = PBXBuildFile; fileRef = F8B177DC202D0BF500B62416 /* TaskTableViewController.swift */; };
		F8B177DF202D0EC800B62416 /* ResultTableViewController.swift in Sources */ = {isa = PBXBuildFile; fileRef = F8B177DE202D0EC800B62416 /* ResultTableViewController.swift */; };
		F8B177E5202D2C0D00B62416 /* UIColor+StyleGuide.swift in Sources */ = {isa = PBXBuildFile; fileRef = F8B177E4202D2C0D00B62416 /* UIColor+StyleGuide.swift */; };
		F8B177EB202D330E00B62416 /* CoreMotion.framework in Frameworks */ = {isa = PBXBuildFile; fileRef = F8B177EA202D330E00B62416 /* CoreMotion.framework */; };
		F8B17823202D4E8400B62416 /* ResearchSuiteUI.framework in Frameworks */ = {isa = PBXBuildFile; fileRef = F8B17822202D4E8400B62416 /* ResearchSuiteUI.framework */; };
		F8B17824202D4E8400B62416 /* ResearchSuiteUI.framework in Embed Frameworks */ = {isa = PBXBuildFile; fileRef = F8B17822202D4E8400B62416 /* ResearchSuiteUI.framework */; settings = {ATTRIBUTES = (CodeSignOnCopy, RemoveHeadersOnCopy, ); }; };
		F8B17827202D4E8C00B62416 /* ResearchSuite.framework in Frameworks */ = {isa = PBXBuildFile; fileRef = F8B17826202D4E8C00B62416 /* ResearchSuite.framework */; };
		F8B17828202D4E8C00B62416 /* ResearchSuite.framework in Embed Frameworks */ = {isa = PBXBuildFile; fileRef = F8B17826202D4E8C00B62416 /* ResearchSuite.framework */; settings = {ATTRIBUTES = (CodeSignOnCopy, RemoveHeadersOnCopy, ); }; };
		F8B17829202D4EA500B62416 /* ResearchSuite.framework in Frameworks */ = {isa = PBXBuildFile; fileRef = F8B17826202D4E8C00B62416 /* ResearchSuite.framework */; };
		F8B1782A202D4EA500B62416 /* ResearchSuite.framework in Embed Frameworks */ = {isa = PBXBuildFile; fileRef = F8B17826202D4E8C00B62416 /* ResearchSuite.framework */; settings = {ATTRIBUTES = (CodeSignOnCopy, RemoveHeadersOnCopy, ); }; };
		F8B1782B202D4EAC00B62416 /* ResearchSuiteUI.framework in Frameworks */ = {isa = PBXBuildFile; fileRef = F8B17822202D4E8400B62416 /* ResearchSuiteUI.framework */; };
		F8B1782C202D4EAC00B62416 /* ResearchSuiteUI.framework in Embed Frameworks */ = {isa = PBXBuildFile; fileRef = F8B17822202D4E8400B62416 /* ResearchSuiteUI.framework */; settings = {ATTRIBUTES = (CodeSignOnCopy, RemoveHeadersOnCopy, ); }; };
		F8B17844202D82AB00B62416 /* CoreLocation.framework in Frameworks */ = {isa = PBXBuildFile; fileRef = F8B17843202D82AB00B62416 /* CoreLocation.framework */; };
		FF2415611F7AC31800D0BA5C /* AppDelegate.swift in Sources */ = {isa = PBXBuildFile; fileRef = FF2415601F7AC31800D0BA5C /* AppDelegate.swift */; };
		FF2415631F7AC31800D0BA5C /* ViewController.swift in Sources */ = {isa = PBXBuildFile; fileRef = FF2415621F7AC31800D0BA5C /* ViewController.swift */; };
		FF2415661F7AC31800D0BA5C /* Main.storyboard in Resources */ = {isa = PBXBuildFile; fileRef = FF2415641F7AC31800D0BA5C /* Main.storyboard */; };
		FF2415681F7AC31800D0BA5C /* Images.xcassets in Resources */ = {isa = PBXBuildFile; fileRef = FF2415671F7AC31800D0BA5C /* Images.xcassets */; };
		FF24156B1F7AC31800D0BA5C /* LaunchScreen.storyboard in Resources */ = {isa = PBXBuildFile; fileRef = FF2415691F7AC31800D0BA5C /* LaunchScreen.storyboard */; };
		FFCA183D1F8F2C8A006ADAF3 /* TaskFoo.json in Resources */ = {isa = PBXBuildFile; fileRef = FFCA183C1F8F2C8A006ADAF3 /* TaskFoo.json */; };
		FFD0C0151F970BDA00D5D349 /* UIColor+StyleGuide.swift in Sources */ = {isa = PBXBuildFile; fileRef = FFD0C0141F970BDA00D5D349 /* UIColor+StyleGuide.swift */; };
/* End PBXBuildFile section */

/* Begin PBXContainerItemProxy section */
		F8B17797202CD73B00B62416 /* PBXContainerItemProxy */ = {
			isa = PBXContainerItemProxy;
			containerPortal = FF2415551F7AC31800D0BA5C /* Project object */;
			proxyType = 1;
			remoteGlobalIDString = F8B17782202CD73B00B62416;
			remoteInfo = RSDCatalog;
		};
		F8B177A2202CD73B00B62416 /* PBXContainerItemProxy */ = {
			isa = PBXContainerItemProxy;
			containerPortal = FF2415551F7AC31800D0BA5C /* Project object */;
			proxyType = 1;
			remoteGlobalIDString = F8B17782202CD73B00B62416;
			remoteInfo = RSDCatalog;
		};
/* End PBXContainerItemProxy section */

/* Begin PBXCopyFilesBuildPhase section */
		F8B177FB202D4A6E00B62416 /* Embed Frameworks */ = {
			isa = PBXCopyFilesBuildPhase;
			buildActionMask = 2147483647;
			dstPath = "";
			dstSubfolderSpec = 10;
			files = (
				F8B1782C202D4EAC00B62416 /* ResearchSuiteUI.framework in Embed Frameworks */,
				F8B1782A202D4EA500B62416 /* ResearchSuite.framework in Embed Frameworks */,
			);
			name = "Embed Frameworks";
			runOnlyForDeploymentPostprocessing = 0;
		};
		F8B17825202D4E8400B62416 /* Embed Frameworks */ = {
			isa = PBXCopyFilesBuildPhase;
			buildActionMask = 2147483647;
			dstPath = "";
			dstSubfolderSpec = 10;
			files = (
				F8B17828202D4E8C00B62416 /* ResearchSuite.framework in Embed Frameworks */,
				F8B17824202D4E8400B62416 /* ResearchSuiteUI.framework in Embed Frameworks */,
			);
			name = "Embed Frameworks";
			runOnlyForDeploymentPostprocessing = 0;
		};
/* End PBXCopyFilesBuildPhase section */

/* Begin PBXFileReference section */
		F810CF3B202E3BB7009C49C9 /* Recorder_Distance.json */ = {isa = PBXFileReference; fileEncoding = 4; lastKnownFileType = text.json; path = Recorder_Distance.json; sourceTree = "<group>"; };
		F8B1777D202CD31700B62416 /* README.md */ = {isa = PBXFileReference; fileEncoding = 4; lastKnownFileType = net.daringfireball.markdown; path = README.md; sourceTree = SOURCE_ROOT; };
		F8B17783202CD73B00B62416 /* RSDCatalog.app */ = {isa = PBXFileReference; explicitFileType = wrapper.application; includeInIndex = 0; path = RSDCatalog.app; sourceTree = BUILT_PRODUCTS_DIR; };
		F8B17785202CD73B00B62416 /* AppDelegate.swift */ = {isa = PBXFileReference; lastKnownFileType = sourcecode.swift; path = AppDelegate.swift; sourceTree = "<group>"; };
		F8B17787202CD73B00B62416 /* TaskGroupTableViewController.swift */ = {isa = PBXFileReference; lastKnownFileType = sourcecode.swift; path = TaskGroupTableViewController.swift; sourceTree = "<group>"; };
		F8B1778A202CD73B00B62416 /* Base */ = {isa = PBXFileReference; lastKnownFileType = file.storyboard; name = Base; path = Base.lproj/Main.storyboard; sourceTree = "<group>"; };
		F8B1778C202CD73B00B62416 /* Assets.xcassets */ = {isa = PBXFileReference; lastKnownFileType = folder.assetcatalog; path = Assets.xcassets; sourceTree = "<group>"; };
		F8B1778F202CD73B00B62416 /* Base */ = {isa = PBXFileReference; lastKnownFileType = file.storyboard; name = Base; path = Base.lproj/LaunchScreen.storyboard; sourceTree = "<group>"; };
		F8B17791202CD73B00B62416 /* Info.plist */ = {isa = PBXFileReference; lastKnownFileType = text.plist.xml; path = Info.plist; sourceTree = "<group>"; };
		F8B17796202CD73B00B62416 /* RSDCatalogTests.xctest */ = {isa = PBXFileReference; explicitFileType = wrapper.cfbundle; includeInIndex = 0; path = RSDCatalogTests.xctest; sourceTree = BUILT_PRODUCTS_DIR; };
		F8B1779A202CD73B00B62416 /* RSDCatalogTests.swift */ = {isa = PBXFileReference; lastKnownFileType = sourcecode.swift; path = RSDCatalogTests.swift; sourceTree = "<group>"; };
		F8B1779C202CD73B00B62416 /* Info.plist */ = {isa = PBXFileReference; lastKnownFileType = text.plist.xml; path = Info.plist; sourceTree = "<group>"; };
		F8B177A1202CD73B00B62416 /* RSDCatalogUITests.xctest */ = {isa = PBXFileReference; explicitFileType = wrapper.cfbundle; includeInIndex = 0; path = RSDCatalogUITests.xctest; sourceTree = BUILT_PRODUCTS_DIR; };
		F8B177A5202CD73B00B62416 /* RSDCatalogUITests.swift */ = {isa = PBXFileReference; lastKnownFileType = sourcecode.swift; path = RSDCatalogUITests.swift; sourceTree = "<group>"; };
		F8B177A7202CD73B00B62416 /* Info.plist */ = {isa = PBXFileReference; lastKnownFileType = text.plist.xml; path = Info.plist; sourceTree = "<group>"; };
		F8B177B3202CE10D00B62416 /* FormStep_Picker.json */ = {isa = PBXFileReference; fileEncoding = 4; lastKnownFileType = text.json; path = FormStep_Picker.json; sourceTree = "<group>"; };
		F8B177B4202CE10D00B62416 /* Recorder_Motion.json */ = {isa = PBXFileReference; fileEncoding = 4; lastKnownFileType = text.json; path = Recorder_Motion.json; sourceTree = "<group>"; };
		F8B177B5202CE10D00B62416 /* FormStep_List.json */ = {isa = PBXFileReference; fileEncoding = 4; lastKnownFileType = text.json; path = FormStep_List.json; sourceTree = "<group>"; };
		F8B177B6202CE10D00B62416 /* TaskGroups.json */ = {isa = PBXFileReference; fileEncoding = 4; lastKnownFileType = text.json; path = TaskGroups.json; sourceTree = "<group>"; };
		F8B177B7202CE10E00B62416 /* FormStep_Textfield.json */ = {isa = PBXFileReference; fileEncoding = 4; lastKnownFileType = text.json; path = FormStep_Textfield.json; sourceTree = "<group>"; };
		F8B177C8202D010E00B62416 /* CatalogFactory.swift */ = {isa = PBXFileReference; lastKnownFileType = sourcecode.swift; path = CatalogFactory.swift; sourceTree = "<group>"; };
		F8B177DC202D0BF500B62416 /* TaskTableViewController.swift */ = {isa = PBXFileReference; lastKnownFileType = sourcecode.swift; path = TaskTableViewController.swift; sourceTree = "<group>"; };
		F8B177DE202D0EC800B62416 /* ResultTableViewController.swift */ = {isa = PBXFileReference; lastKnownFileType = sourcecode.swift; path = ResultTableViewController.swift; sourceTree = "<group>"; };
		F8B177E4202D2C0D00B62416 /* UIColor+StyleGuide.swift */ = {isa = PBXFileReference; lastKnownFileType = sourcecode.swift; path = "UIColor+StyleGuide.swift"; sourceTree = "<group>"; };
		F8B177EA202D330E00B62416 /* CoreMotion.framework */ = {isa = PBXFileReference; lastKnownFileType = wrapper.framework; name = CoreMotion.framework; path = System/Library/Frameworks/CoreMotion.framework; sourceTree = SDKROOT; };
		F8B17822202D4E8400B62416 /* ResearchSuiteUI.framework */ = {isa = PBXFileReference; explicitFileType = wrapper.framework; path = ResearchSuiteUI.framework; sourceTree = BUILT_PRODUCTS_DIR; };
		F8B17826202D4E8C00B62416 /* ResearchSuite.framework */ = {isa = PBXFileReference; explicitFileType = wrapper.framework; path = ResearchSuite.framework; sourceTree = BUILT_PRODUCTS_DIR; };
		F8B17843202D82AB00B62416 /* CoreLocation.framework */ = {isa = PBXFileReference; lastKnownFileType = wrapper.framework; name = CoreLocation.framework; path = System/Library/Frameworks/CoreLocation.framework; sourceTree = SDKROOT; };
		FF24155D1F7AC31800D0BA5C /* RSDTestApp.app */ = {isa = PBXFileReference; explicitFileType = wrapper.application; includeInIndex = 0; path = RSDTestApp.app; sourceTree = BUILT_PRODUCTS_DIR; };
		FF2415601F7AC31800D0BA5C /* AppDelegate.swift */ = {isa = PBXFileReference; lastKnownFileType = sourcecode.swift; path = AppDelegate.swift; sourceTree = "<group>"; };
		FF2415621F7AC31800D0BA5C /* ViewController.swift */ = {isa = PBXFileReference; lastKnownFileType = sourcecode.swift; path = ViewController.swift; sourceTree = "<group>"; };
		FF2415651F7AC31800D0BA5C /* Base */ = {isa = PBXFileReference; lastKnownFileType = file.storyboard; name = Base; path = Base.lproj/Main.storyboard; sourceTree = "<group>"; };
		FF2415671F7AC31800D0BA5C /* Images.xcassets */ = {isa = PBXFileReference; lastKnownFileType = folder.assetcatalog; path = Images.xcassets; sourceTree = "<group>"; };
		FF24156A1F7AC31800D0BA5C /* Base */ = {isa = PBXFileReference; lastKnownFileType = file.storyboard; name = Base; path = Base.lproj/LaunchScreen.storyboard; sourceTree = "<group>"; };
		FF24156C1F7AC31800D0BA5C /* Info.plist */ = {isa = PBXFileReference; lastKnownFileType = text.plist.xml; path = Info.plist; sourceTree = "<group>"; };
		FFCA183C1F8F2C8A006ADAF3 /* TaskFoo.json */ = {isa = PBXFileReference; fileEncoding = 4; lastKnownFileType = text.json; path = TaskFoo.json; sourceTree = "<group>"; };
		FFD0C0141F970BDA00D5D349 /* UIColor+StyleGuide.swift */ = {isa = PBXFileReference; lastKnownFileType = sourcecode.swift; path = "UIColor+StyleGuide.swift"; sourceTree = "<group>"; };
/* End PBXFileReference section */

/* Begin PBXFrameworksBuildPhase section */
		F8B17780202CD73B00B62416 /* Frameworks */ = {
			isa = PBXFrameworksBuildPhase;
			buildActionMask = 2147483647;
			files = (
				F8B17844202D82AB00B62416 /* CoreLocation.framework in Frameworks */,
				F8B1782B202D4EAC00B62416 /* ResearchSuiteUI.framework in Frameworks */,
				F8B17829202D4EA500B62416 /* ResearchSuite.framework in Frameworks */,
				F8B177EB202D330E00B62416 /* CoreMotion.framework in Frameworks */,
			);
			runOnlyForDeploymentPostprocessing = 0;
		};
		F8B17793202CD73B00B62416 /* Frameworks */ = {
			isa = PBXFrameworksBuildPhase;
			buildActionMask = 2147483647;
			files = (
			);
			runOnlyForDeploymentPostprocessing = 0;
		};
		F8B1779E202CD73B00B62416 /* Frameworks */ = {
			isa = PBXFrameworksBuildPhase;
			buildActionMask = 2147483647;
			files = (
			);
			runOnlyForDeploymentPostprocessing = 0;
		};
		FF24155A1F7AC31800D0BA5C /* Frameworks */ = {
			isa = PBXFrameworksBuildPhase;
			buildActionMask = 2147483647;
			files = (
				F8B17827202D4E8C00B62416 /* ResearchSuite.framework in Frameworks */,
				F8B17823202D4E8400B62416 /* ResearchSuiteUI.framework in Frameworks */,
			);
			runOnlyForDeploymentPostprocessing = 0;
		};
/* End PBXFrameworksBuildPhase section */

/* Begin PBXGroup section */
		F8B17784202CD73B00B62416 /* RSDCatalog */ = {
			isa = PBXGroup;
			children = (
				F8B17785202CD73B00B62416 /* AppDelegate.swift */,
				F8B177C8202D010E00B62416 /* CatalogFactory.swift */,
				F8B17787202CD73B00B62416 /* TaskGroupTableViewController.swift */,
				F8B177DC202D0BF500B62416 /* TaskTableViewController.swift */,
				F8B177DE202D0EC800B62416 /* ResultTableViewController.swift */,
				F8B1778C202CD73B00B62416 /* Assets.xcassets */,
				F8B17791202CD73B00B62416 /* Info.plist */,
				F8B177B1202CDA6200B62416 /* JSON Files */,
				F8B177B2202CDA7D00B62416 /* Storyboards */,
				F8B177E3202D2BE200B62416 /* Styleguide */,
			);
			path = RSDCatalog;
			sourceTree = "<group>";
		};
		F8B17799202CD73B00B62416 /* RSDCatalogTests */ = {
			isa = PBXGroup;
			children = (
				F8B1779A202CD73B00B62416 /* RSDCatalogTests.swift */,
				F8B1779C202CD73B00B62416 /* Info.plist */,
			);
			path = RSDCatalogTests;
			sourceTree = "<group>";
		};
		F8B177A4202CD73B00B62416 /* RSDCatalogUITests */ = {
			isa = PBXGroup;
			children = (
				F8B177A5202CD73B00B62416 /* RSDCatalogUITests.swift */,
				F8B177A7202CD73B00B62416 /* Info.plist */,
			);
			path = RSDCatalogUITests;
			sourceTree = "<group>";
		};
		F8B177B1202CDA6200B62416 /* JSON Files */ = {
			isa = PBXGroup;
			children = (
				F8B177B6202CE10D00B62416 /* TaskGroups.json */,
				F8B177B5202CE10D00B62416 /* FormStep_List.json */,
				F8B177B3202CE10D00B62416 /* FormStep_Picker.json */,
				F8B177B7202CE10E00B62416 /* FormStep_Textfield.json */,
				F810CF3B202E3BB7009C49C9 /* Recorder_Distance.json */,
				F8B177B4202CE10D00B62416 /* Recorder_Motion.json */,
			);
			path = "JSON Files";
			sourceTree = "<group>";
		};
		F8B177B2202CDA7D00B62416 /* Storyboards */ = {
			isa = PBXGroup;
			children = (
				F8B1778E202CD73B00B62416 /* LaunchScreen.storyboard */,
				F8B17789202CD73B00B62416 /* Main.storyboard */,
			);
			path = Storyboards;
			sourceTree = "<group>";
		};
		F8B177E3202D2BE200B62416 /* Styleguide */ = {
			isa = PBXGroup;
			children = (
				F8B177E4202D2C0D00B62416 /* UIColor+StyleGuide.swift */,
			);
			path = Styleguide;
			sourceTree = "<group>";
		};
		F8B177E9202D330D00B62416 /* Frameworks */ = {
			isa = PBXGroup;
			children = (
				F8B17843202D82AB00B62416 /* CoreLocation.framework */,
				F8B177EA202D330E00B62416 /* CoreMotion.framework */,
			);
			name = Frameworks;
			sourceTree = "<group>";
		};
		FF2415541F7AC31800D0BA5C = {
			isa = PBXGroup;
			children = (
				F8B1777D202CD31700B62416 /* README.md */,
				FF24155F1F7AC31800D0BA5C /* RSDTestApp */,
				F8B17784202CD73B00B62416 /* RSDCatalog */,
				F8B17799202CD73B00B62416 /* RSDCatalogTests */,
				F8B177A4202CD73B00B62416 /* RSDCatalogUITests */,
				FF24155E1F7AC31800D0BA5C /* Products */,
				F8B17826202D4E8C00B62416 /* ResearchSuite.framework */,
				F8B17822202D4E8400B62416 /* ResearchSuiteUI.framework */,
				F8B177E9202D330D00B62416 /* Frameworks */,
			);
			sourceTree = "<group>";
		};
		FF24155E1F7AC31800D0BA5C /* Products */ = {
			isa = PBXGroup;
			children = (
				FF24155D1F7AC31800D0BA5C /* RSDTestApp.app */,
				F8B17783202CD73B00B62416 /* RSDCatalog.app */,
				F8B17796202CD73B00B62416 /* RSDCatalogTests.xctest */,
				F8B177A1202CD73B00B62416 /* RSDCatalogUITests.xctest */,
			);
			name = Products;
			sourceTree = "<group>";
		};
		FF24155F1F7AC31800D0BA5C /* RSDTestApp */ = {
			isa = PBXGroup;
			children = (
				FF2415601F7AC31800D0BA5C /* AppDelegate.swift */,
				FF2415621F7AC31800D0BA5C /* ViewController.swift */,
				FF2415671F7AC31800D0BA5C /* Images.xcassets */,
				FF24156C1F7AC31800D0BA5C /* Info.plist */,
				FFCA183C1F8F2C8A006ADAF3 /* TaskFoo.json */,
				FFD0C0131F970BA700D5D349 /* Styleguide */,
				FF24158E1F7AC34500D0BA5C /* Storyboards */,
			);
			path = RSDTestApp;
			sourceTree = "<group>";
		};
		FF24158E1F7AC34500D0BA5C /* Storyboards */ = {
			isa = PBXGroup;
			children = (
				FF2415641F7AC31800D0BA5C /* Main.storyboard */,
				FF2415691F7AC31800D0BA5C /* LaunchScreen.storyboard */,
			);
			path = Storyboards;
			sourceTree = "<group>";
		};
		FFD0C0131F970BA700D5D349 /* Styleguide */ = {
			isa = PBXGroup;
			children = (
				FFD0C0141F970BDA00D5D349 /* UIColor+StyleGuide.swift */,
			);
			path = Styleguide;
			sourceTree = "<group>";
		};
/* End PBXGroup section */

/* Begin PBXNativeTarget section */
		F8B17782202CD73B00B62416 /* RSDCatalog */ = {
			isa = PBXNativeTarget;
			buildConfigurationList = F8B177A8202CD73B00B62416 /* Build configuration list for PBXNativeTarget "RSDCatalog" */;
			buildPhases = (
				F8B1777F202CD73B00B62416 /* Sources */,
				F8B17780202CD73B00B62416 /* Frameworks */,
				F8B17781202CD73B00B62416 /* Resources */,
				F8B177FB202D4A6E00B62416 /* Embed Frameworks */,
			);
			buildRules = (
			);
			dependencies = (
			);
			name = RSDCatalog;
			productName = RSDCatalog;
			productReference = F8B17783202CD73B00B62416 /* RSDCatalog.app */;
			productType = "com.apple.product-type.application";
		};
		F8B17795202CD73B00B62416 /* RSDCatalogTests */ = {
			isa = PBXNativeTarget;
			buildConfigurationList = F8B177AB202CD73B00B62416 /* Build configuration list for PBXNativeTarget "RSDCatalogTests" */;
			buildPhases = (
				F8B17792202CD73B00B62416 /* Sources */,
				F8B17793202CD73B00B62416 /* Frameworks */,
				F8B17794202CD73B00B62416 /* Resources */,
			);
			buildRules = (
			);
			dependencies = (
				F8B17798202CD73B00B62416 /* PBXTargetDependency */,
			);
			name = RSDCatalogTests;
			productName = RSDCatalogTests;
			productReference = F8B17796202CD73B00B62416 /* RSDCatalogTests.xctest */;
			productType = "com.apple.product-type.bundle.unit-test";
		};
		F8B177A0202CD73B00B62416 /* RSDCatalogUITests */ = {
			isa = PBXNativeTarget;
			buildConfigurationList = F8B177AE202CD73B00B62416 /* Build configuration list for PBXNativeTarget "RSDCatalogUITests" */;
			buildPhases = (
				F8B1779D202CD73B00B62416 /* Sources */,
				F8B1779E202CD73B00B62416 /* Frameworks */,
				F8B1779F202CD73B00B62416 /* Resources */,
			);
			buildRules = (
			);
			dependencies = (
				F8B177A3202CD73B00B62416 /* PBXTargetDependency */,
			);
			name = RSDCatalogUITests;
			productName = RSDCatalogUITests;
			productReference = F8B177A1202CD73B00B62416 /* RSDCatalogUITests.xctest */;
			productType = "com.apple.product-type.bundle.ui-testing";
		};
		FF24155C1F7AC31800D0BA5C /* RSDTestApp */ = {
			isa = PBXNativeTarget;
			buildConfigurationList = FF2415851F7AC31900D0BA5C /* Build configuration list for PBXNativeTarget "RSDTestApp" */;
			buildPhases = (
				FF2415591F7AC31800D0BA5C /* Sources */,
				FF24155A1F7AC31800D0BA5C /* Frameworks */,
				FF24155B1F7AC31800D0BA5C /* Resources */,
				F8B17825202D4E8400B62416 /* Embed Frameworks */,
			);
			buildRules = (
			);
			dependencies = (
			);
			name = RSDTestApp;
			productName = RSDTestApp;
			productReference = FF24155D1F7AC31800D0BA5C /* RSDTestApp.app */;
			productType = "com.apple.product-type.application";
		};
/* End PBXNativeTarget section */

/* Begin PBXProject section */
		FF2415551F7AC31800D0BA5C /* Project object */ = {
			isa = PBXProject;
			attributes = {
				LastSwiftUpdateCheck = 0920;
				LastUpgradeCheck = 0900;
				ORGANIZATIONNAME = "Sage Bionetworks";
				TargetAttributes = {
					F8B17782202CD73B00B62416 = {
						CreatedOnToolsVersion = 9.2;
						ProvisioningStyle = Manual;
						SystemCapabilities = {
							com.apple.BackgroundModes = {
								enabled = 1;
							};
						};
					};
					F8B17795202CD73B00B62416 = {
						CreatedOnToolsVersion = 9.2;
						ProvisioningStyle = Automatic;
						TestTargetID = F8B17782202CD73B00B62416;
					};
					F8B177A0202CD73B00B62416 = {
						CreatedOnToolsVersion = 9.2;
						ProvisioningStyle = Automatic;
						TestTargetID = F8B17782202CD73B00B62416;
					};
					FF24155C1F7AC31800D0BA5C = {
						CreatedOnToolsVersion = 9.0;
						ProvisioningStyle = Manual;
						SystemCapabilities = {
							com.apple.BackgroundModes = {
								enabled = 0;
							};
						};
					};
				};
			};
			buildConfigurationList = FF2415581F7AC31800D0BA5C /* Build configuration list for PBXProject "RSDTestApp" */;
			compatibilityVersion = "Xcode 8.0";
			developmentRegion = en;
			hasScannedForEncodings = 0;
			knownRegions = (
				en,
				Base,
			);
			mainGroup = FF2415541F7AC31800D0BA5C;
			productRefGroup = FF24155E1F7AC31800D0BA5C /* Products */;
			projectDirPath = "";
			projectRoot = "";
			targets = (
				FF24155C1F7AC31800D0BA5C /* RSDTestApp */,
				F8B17782202CD73B00B62416 /* RSDCatalog */,
				F8B17795202CD73B00B62416 /* RSDCatalogTests */,
				F8B177A0202CD73B00B62416 /* RSDCatalogUITests */,
			);
		};
/* End PBXProject section */

/* Begin PBXResourcesBuildPhase section */
		F8B17781202CD73B00B62416 /* Resources */ = {
			isa = PBXResourcesBuildPhase;
			buildActionMask = 2147483647;
			files = (
				F8B17790202CD73B00B62416 /* LaunchScreen.storyboard in Resources */,
				F8B177BA202CE10E00B62416 /* FormStep_List.json in Resources */,
				F8B177B8202CE10E00B62416 /* FormStep_Picker.json in Resources */,
				F8B1778D202CD73B00B62416 /* Assets.xcassets in Resources */,
				F810CF3C202E3BB7009C49C9 /* Recorder_Distance.json in Resources */,
				F8B177BB202CE10E00B62416 /* TaskGroups.json in Resources */,
				F8B177B9202CE10E00B62416 /* Recorder_Motion.json in Resources */,
				F8B1778B202CD73B00B62416 /* Main.storyboard in Resources */,
				F8B177BC202CE10E00B62416 /* FormStep_Textfield.json in Resources */,
			);
			runOnlyForDeploymentPostprocessing = 0;
		};
		F8B17794202CD73B00B62416 /* Resources */ = {
			isa = PBXResourcesBuildPhase;
			buildActionMask = 2147483647;
			files = (
			);
			runOnlyForDeploymentPostprocessing = 0;
		};
		F8B1779F202CD73B00B62416 /* Resources */ = {
			isa = PBXResourcesBuildPhase;
			buildActionMask = 2147483647;
			files = (
			);
			runOnlyForDeploymentPostprocessing = 0;
		};
		FF24155B1F7AC31800D0BA5C /* Resources */ = {
			isa = PBXResourcesBuildPhase;
			buildActionMask = 2147483647;
			files = (
				FF24156B1F7AC31800D0BA5C /* LaunchScreen.storyboard in Resources */,
				FF2415681F7AC31800D0BA5C /* Images.xcassets in Resources */,
				F8B1777E202CD31700B62416 /* README.md in Resources */,
				FFCA183D1F8F2C8A006ADAF3 /* TaskFoo.json in Resources */,
				FF2415661F7AC31800D0BA5C /* Main.storyboard in Resources */,
			);
			runOnlyForDeploymentPostprocessing = 0;
		};
/* End PBXResourcesBuildPhase section */

/* Begin PBXSourcesBuildPhase section */
		F8B1777F202CD73B00B62416 /* Sources */ = {
			isa = PBXSourcesBuildPhase;
			buildActionMask = 2147483647;
			files = (
				F8B177E5202D2C0D00B62416 /* UIColor+StyleGuide.swift in Sources */,
				F8B17788202CD73B00B62416 /* TaskGroupTableViewController.swift in Sources */,
				F8B17786202CD73B00B62416 /* AppDelegate.swift in Sources */,
				F8B177DF202D0EC800B62416 /* ResultTableViewController.swift in Sources */,
				F8B177DD202D0BF500B62416 /* TaskTableViewController.swift in Sources */,
				F8B177C9202D010E00B62416 /* CatalogFactory.swift in Sources */,
			);
			runOnlyForDeploymentPostprocessing = 0;
		};
		F8B17792202CD73B00B62416 /* Sources */ = {
			isa = PBXSourcesBuildPhase;
			buildActionMask = 2147483647;
			files = (
				F8B1779B202CD73B00B62416 /* RSDCatalogTests.swift in Sources */,
			);
			runOnlyForDeploymentPostprocessing = 0;
		};
		F8B1779D202CD73B00B62416 /* Sources */ = {
			isa = PBXSourcesBuildPhase;
			buildActionMask = 2147483647;
			files = (
				F8B177A6202CD73B00B62416 /* RSDCatalogUITests.swift in Sources */,
			);
			runOnlyForDeploymentPostprocessing = 0;
		};
		FF2415591F7AC31800D0BA5C /* Sources */ = {
			isa = PBXSourcesBuildPhase;
			buildActionMask = 2147483647;
			files = (
				FFD0C0151F970BDA00D5D349 /* UIColor+StyleGuide.swift in Sources */,
				FF2415631F7AC31800D0BA5C /* ViewController.swift in Sources */,
				FF2415611F7AC31800D0BA5C /* AppDelegate.swift in Sources */,
			);
			runOnlyForDeploymentPostprocessing = 0;
		};
/* End PBXSourcesBuildPhase section */

/* Begin PBXTargetDependency section */
		F8B17798202CD73B00B62416 /* PBXTargetDependency */ = {
			isa = PBXTargetDependency;
			target = F8B17782202CD73B00B62416 /* RSDCatalog */;
			targetProxy = F8B17797202CD73B00B62416 /* PBXContainerItemProxy */;
		};
		F8B177A3202CD73B00B62416 /* PBXTargetDependency */ = {
			isa = PBXTargetDependency;
			target = F8B17782202CD73B00B62416 /* RSDCatalog */;
			targetProxy = F8B177A2202CD73B00B62416 /* PBXContainerItemProxy */;
		};
/* End PBXTargetDependency section */

/* Begin PBXVariantGroup section */
		F8B17789202CD73B00B62416 /* Main.storyboard */ = {
			isa = PBXVariantGroup;
			children = (
				F8B1778A202CD73B00B62416 /* Base */,
			);
			name = Main.storyboard;
			sourceTree = "<group>";
		};
		F8B1778E202CD73B00B62416 /* LaunchScreen.storyboard */ = {
			isa = PBXVariantGroup;
			children = (
				F8B1778F202CD73B00B62416 /* Base */,
			);
			name = LaunchScreen.storyboard;
			sourceTree = "<group>";
		};
		FF2415641F7AC31800D0BA5C /* Main.storyboard */ = {
			isa = PBXVariantGroup;
			children = (
				FF2415651F7AC31800D0BA5C /* Base */,
			);
			name = Main.storyboard;
			sourceTree = "<group>";
		};
		FF2415691F7AC31800D0BA5C /* LaunchScreen.storyboard */ = {
			isa = PBXVariantGroup;
			children = (
				FF24156A1F7AC31800D0BA5C /* Base */,
			);
			name = LaunchScreen.storyboard;
			sourceTree = "<group>";
		};
/* End PBXVariantGroup section */

/* Begin XCBuildConfiguration section */
		F8B177A9202CD73B00B62416 /* Debug */ = {
			isa = XCBuildConfiguration;
			buildSettings = {
				ASSETCATALOG_COMPILER_APPICON_NAME = AppIcon;
				CODE_SIGN_STYLE = Manual;
				DEVELOPMENT_TEAM = KA9Z8R6M6K;
				FRAMEWORK_SEARCH_PATHS = (
					"$(inherited)",
					"$(PROJECT_DIR)",
				);
				INFOPLIST_FILE = RSDCatalog/Info.plist;
				IPHONEOS_DEPLOYMENT_TARGET = 11.2;
				LD_RUNPATH_SEARCH_PATHS = "$(inherited) @executable_path/Frameworks";
				PRODUCT_BUNDLE_IDENTIFIER = org.sagebase.RSDCatalog;
				PRODUCT_NAME = "$(TARGET_NAME)";
				PROVISIONING_PROFILE = "6b2dcc3b-7c56-435c-bfc3-d556e8f752b9";
				PROVISIONING_PROFILE_SPECIFIER = "match Development org.sagebase.RSDCatalog";
				SWIFT_VERSION = 4.0;
				TARGETED_DEVICE_FAMILY = "1,2";
			};
			name = Debug;
		};
		F8B177AA202CD73B00B62416 /* Release */ = {
			isa = XCBuildConfiguration;
			buildSettings = {
				ASSETCATALOG_COMPILER_APPICON_NAME = AppIcon;
				"CODE_SIGN_IDENTITY[sdk=iphoneos*]" = "iPhone Distribution";
				CODE_SIGN_STYLE = Manual;
				DEVELOPMENT_TEAM = KA9Z8R6M6K;
				FRAMEWORK_SEARCH_PATHS = (
					"$(inherited)",
					"$(PROJECT_DIR)",
				);
				INFOPLIST_FILE = RSDCatalog/Info.plist;
				IPHONEOS_DEPLOYMENT_TARGET = 11.2;
				LD_RUNPATH_SEARCH_PATHS = "$(inherited) @executable_path/Frameworks";
				PRODUCT_BUNDLE_IDENTIFIER = org.sagebase.RSDCatalog;
				PRODUCT_NAME = "$(TARGET_NAME)";
				PROVISIONING_PROFILE = "1f50e158-f7da-485a-8c7a-60ff43c903c2";
				PROVISIONING_PROFILE_SPECIFIER = "match Distribution org.sagebase.RSDCatalog";
				SWIFT_VERSION = 4.0;
				TARGETED_DEVICE_FAMILY = "1,2";
			};
			name = Release;
		};
		F8B177AC202CD73B00B62416 /* Debug */ = {
			isa = XCBuildConfiguration;
			buildSettings = {
				ALWAYS_EMBED_SWIFT_STANDARD_LIBRARIES = YES;
				BUNDLE_LOADER = "$(TEST_HOST)";
				CODE_SIGN_STYLE = Automatic;
				DEVELOPMENT_TEAM = KA9Z8R6M6K;
				INFOPLIST_FILE = RSDCatalogTests/Info.plist;
				IPHONEOS_DEPLOYMENT_TARGET = 11.2;
				LD_RUNPATH_SEARCH_PATHS = "$(inherited) @executable_path/Frameworks @loader_path/Frameworks";
				PRODUCT_BUNDLE_IDENTIFIER = org.sagebase.RSDCatalogTests;
				PRODUCT_NAME = "$(TARGET_NAME)";
				SWIFT_VERSION = 4.0;
				TARGETED_DEVICE_FAMILY = "1,2";
				TEST_HOST = "$(BUILT_PRODUCTS_DIR)/RSDCatalog.app/RSDCatalog";
			};
			name = Debug;
		};
		F8B177AD202CD73B00B62416 /* Release */ = {
			isa = XCBuildConfiguration;
			buildSettings = {
				ALWAYS_EMBED_SWIFT_STANDARD_LIBRARIES = YES;
				BUNDLE_LOADER = "$(TEST_HOST)";
				CODE_SIGN_STYLE = Automatic;
				DEVELOPMENT_TEAM = KA9Z8R6M6K;
				INFOPLIST_FILE = RSDCatalogTests/Info.plist;
				IPHONEOS_DEPLOYMENT_TARGET = 11.2;
				LD_RUNPATH_SEARCH_PATHS = "$(inherited) @executable_path/Frameworks @loader_path/Frameworks";
				PRODUCT_BUNDLE_IDENTIFIER = org.sagebase.RSDCatalogTests;
				PRODUCT_NAME = "$(TARGET_NAME)";
				SWIFT_VERSION = 4.0;
				TARGETED_DEVICE_FAMILY = "1,2";
				TEST_HOST = "$(BUILT_PRODUCTS_DIR)/RSDCatalog.app/RSDCatalog";
			};
			name = Release;
		};
		F8B177AF202CD73B00B62416 /* Debug */ = {
			isa = XCBuildConfiguration;
			buildSettings = {
				ALWAYS_EMBED_SWIFT_STANDARD_LIBRARIES = YES;
				CODE_SIGN_STYLE = Automatic;
				DEVELOPMENT_TEAM = KA9Z8R6M6K;
				INFOPLIST_FILE = RSDCatalogUITests/Info.plist;
				IPHONEOS_DEPLOYMENT_TARGET = 11.2;
				LD_RUNPATH_SEARCH_PATHS = "$(inherited) @executable_path/Frameworks @loader_path/Frameworks";
				PRODUCT_BUNDLE_IDENTIFIER = org.sagebase.RSDCatalogUITests;
				PRODUCT_NAME = "$(TARGET_NAME)";
				SWIFT_VERSION = 4.0;
				TARGETED_DEVICE_FAMILY = "1,2";
				TEST_TARGET_NAME = RSDCatalog;
			};
			name = Debug;
		};
		F8B177B0202CD73B00B62416 /* Release */ = {
			isa = XCBuildConfiguration;
			buildSettings = {
				ALWAYS_EMBED_SWIFT_STANDARD_LIBRARIES = YES;
				CODE_SIGN_STYLE = Automatic;
				DEVELOPMENT_TEAM = KA9Z8R6M6K;
				INFOPLIST_FILE = RSDCatalogUITests/Info.plist;
				IPHONEOS_DEPLOYMENT_TARGET = 11.2;
				LD_RUNPATH_SEARCH_PATHS = "$(inherited) @executable_path/Frameworks @loader_path/Frameworks";
				PRODUCT_BUNDLE_IDENTIFIER = org.sagebase.RSDCatalogUITests;
				PRODUCT_NAME = "$(TARGET_NAME)";
				SWIFT_VERSION = 4.0;
				TARGETED_DEVICE_FAMILY = "1,2";
				TEST_TARGET_NAME = RSDCatalog;
			};
			name = Release;
		};
		FF2415831F7AC31900D0BA5C /* Debug */ = {
			isa = XCBuildConfiguration;
			buildSettings = {
				ALWAYS_SEARCH_USER_PATHS = NO;
				CLANG_ANALYZER_NONNULL = YES;
				CLANG_ANALYZER_NUMBER_OBJECT_CONVERSION = YES_AGGRESSIVE;
				CLANG_CXX_LANGUAGE_STANDARD = "gnu++14";
				CLANG_CXX_LIBRARY = "libc++";
				CLANG_ENABLE_MODULES = YES;
				CLANG_ENABLE_OBJC_ARC = YES;
				CLANG_WARN_BLOCK_CAPTURE_AUTORELEASING = YES;
				CLANG_WARN_BOOL_CONVERSION = YES;
				CLANG_WARN_COMMA = YES;
				CLANG_WARN_CONSTANT_CONVERSION = YES;
				CLANG_WARN_DIRECT_OBJC_ISA_USAGE = YES_ERROR;
				CLANG_WARN_DOCUMENTATION_COMMENTS = YES;
				CLANG_WARN_EMPTY_BODY = YES;
				CLANG_WARN_ENUM_CONVERSION = YES;
				CLANG_WARN_INFINITE_RECURSION = YES;
				CLANG_WARN_INT_CONVERSION = YES;
				CLANG_WARN_NON_LITERAL_NULL_CONVERSION = YES;
				CLANG_WARN_OBJC_LITERAL_CONVERSION = YES;
				CLANG_WARN_OBJC_ROOT_CLASS = YES_ERROR;
				CLANG_WARN_RANGE_LOOP_ANALYSIS = YES;
				CLANG_WARN_STRICT_PROTOTYPES = YES;
				CLANG_WARN_SUSPICIOUS_MOVE = YES;
				CLANG_WARN_UNGUARDED_AVAILABILITY = YES_AGGRESSIVE;
				CLANG_WARN_UNREACHABLE_CODE = YES;
				CLANG_WARN__DUPLICATE_METHOD_MATCH = YES;
				CODE_SIGN_IDENTITY = "iPhone Developer";
				COPY_PHASE_STRIP = NO;
				DEBUG_INFORMATION_FORMAT = dwarf;
				ENABLE_STRICT_OBJC_MSGSEND = YES;
				ENABLE_TESTABILITY = YES;
				GCC_C_LANGUAGE_STANDARD = gnu11;
				GCC_DYNAMIC_NO_PIC = NO;
				GCC_NO_COMMON_BLOCKS = YES;
				GCC_OPTIMIZATION_LEVEL = 0;
				GCC_PREPROCESSOR_DEFINITIONS = (
					"DEBUG=1",
					"$(inherited)",
				);
				GCC_WARN_64_TO_32_BIT_CONVERSION = YES;
				GCC_WARN_ABOUT_RETURN_TYPE = YES_ERROR;
				GCC_WARN_UNDECLARED_SELECTOR = YES;
				GCC_WARN_UNINITIALIZED_AUTOS = YES_AGGRESSIVE;
				GCC_WARN_UNUSED_FUNCTION = YES;
				GCC_WARN_UNUSED_VARIABLE = YES;
				IPHONEOS_DEPLOYMENT_TARGET = 11.0;
				MTL_ENABLE_DEBUG_INFO = YES;
				ONLY_ACTIVE_ARCH = YES;
				SDKROOT = iphoneos;
				SWIFT_ACTIVE_COMPILATION_CONDITIONS = DEBUG;
				SWIFT_OPTIMIZATION_LEVEL = "-Onone";
			};
			name = Debug;
		};
		FF2415841F7AC31900D0BA5C /* Release */ = {
			isa = XCBuildConfiguration;
			buildSettings = {
				ALWAYS_SEARCH_USER_PATHS = NO;
				CLANG_ANALYZER_NONNULL = YES;
				CLANG_ANALYZER_NUMBER_OBJECT_CONVERSION = YES_AGGRESSIVE;
				CLANG_CXX_LANGUAGE_STANDARD = "gnu++14";
				CLANG_CXX_LIBRARY = "libc++";
				CLANG_ENABLE_MODULES = YES;
				CLANG_ENABLE_OBJC_ARC = YES;
				CLANG_WARN_BLOCK_CAPTURE_AUTORELEASING = YES;
				CLANG_WARN_BOOL_CONVERSION = YES;
				CLANG_WARN_COMMA = YES;
				CLANG_WARN_CONSTANT_CONVERSION = YES;
				CLANG_WARN_DIRECT_OBJC_ISA_USAGE = YES_ERROR;
				CLANG_WARN_DOCUMENTATION_COMMENTS = YES;
				CLANG_WARN_EMPTY_BODY = YES;
				CLANG_WARN_ENUM_CONVERSION = YES;
				CLANG_WARN_INFINITE_RECURSION = YES;
				CLANG_WARN_INT_CONVERSION = YES;
				CLANG_WARN_NON_LITERAL_NULL_CONVERSION = YES;
				CLANG_WARN_OBJC_LITERAL_CONVERSION = YES;
				CLANG_WARN_OBJC_ROOT_CLASS = YES_ERROR;
				CLANG_WARN_RANGE_LOOP_ANALYSIS = YES;
				CLANG_WARN_STRICT_PROTOTYPES = YES;
				CLANG_WARN_SUSPICIOUS_MOVE = YES;
				CLANG_WARN_UNGUARDED_AVAILABILITY = YES_AGGRESSIVE;
				CLANG_WARN_UNREACHABLE_CODE = YES;
				CLANG_WARN__DUPLICATE_METHOD_MATCH = YES;
				CODE_SIGN_IDENTITY = "iPhone Developer";
				COPY_PHASE_STRIP = NO;
				DEBUG_INFORMATION_FORMAT = "dwarf-with-dsym";
				ENABLE_NS_ASSERTIONS = NO;
				ENABLE_STRICT_OBJC_MSGSEND = YES;
				GCC_C_LANGUAGE_STANDARD = gnu11;
				GCC_NO_COMMON_BLOCKS = YES;
				GCC_WARN_64_TO_32_BIT_CONVERSION = YES;
				GCC_WARN_ABOUT_RETURN_TYPE = YES_ERROR;
				GCC_WARN_UNDECLARED_SELECTOR = YES;
				GCC_WARN_UNINITIALIZED_AUTOS = YES_AGGRESSIVE;
				GCC_WARN_UNUSED_FUNCTION = YES;
				GCC_WARN_UNUSED_VARIABLE = YES;
				IPHONEOS_DEPLOYMENT_TARGET = 11.0;
				MTL_ENABLE_DEBUG_INFO = NO;
				SDKROOT = iphoneos;
				SWIFT_OPTIMIZATION_LEVEL = "-Owholemodule";
				VALIDATE_PRODUCT = YES;
			};
			name = Release;
		};
		FF2415861F7AC31900D0BA5C /* Debug */ = {
			isa = XCBuildConfiguration;
			buildSettings = {
				ASSETCATALOG_COMPILER_APPICON_NAME = AppIcon;
				CODE_SIGN_STYLE = Manual;
				DEVELOPMENT_TEAM = KA9Z8R6M6K;
				FRAMEWORK_SEARCH_PATHS = (
					"$(inherited)",
					"$(PROJECT_DIR)",
				);
				INFOPLIST_FILE = RSDTestApp/Info.plist;
				IPHONEOS_DEPLOYMENT_TARGET = 11.1;
				LD_RUNPATH_SEARCH_PATHS = "$(inherited) @executable_path/Frameworks";
				PRODUCT_BUNDLE_IDENTIFIER = org.sagebase.RSDTest;
				PRODUCT_NAME = "$(TARGET_NAME)";
				PROVISIONING_PROFILE = "877c46a3-e438-4856-ab71-0df11d8f51c4";
				PROVISIONING_PROFILE_SPECIFIER = "match Development: org.sagebase.RSDTest";
				SWIFT_VERSION = 4.0;
				TARGETED_DEVICE_FAMILY = "1,2";
			};
			name = Debug;
		};
		FF2415871F7AC31900D0BA5C /* Release */ = {
			isa = XCBuildConfiguration;
			buildSettings = {
				ASSETCATALOG_COMPILER_APPICON_NAME = AppIcon;
				"CODE_SIGN_IDENTITY[sdk=iphoneos*]" = "iPhone Distribution";
				CODE_SIGN_STYLE = Manual;
				DEVELOPMENT_TEAM = KA9Z8R6M6K;
				FRAMEWORK_SEARCH_PATHS = (
					"$(inherited)",
					"$(PROJECT_DIR)",
				);
				INFOPLIST_FILE = RSDTestApp/Info.plist;
				IPHONEOS_DEPLOYMENT_TARGET = 11.1;
				LD_RUNPATH_SEARCH_PATHS = "$(inherited) @executable_path/Frameworks";
				PRODUCT_BUNDLE_IDENTIFIER = org.sagebase.RSDTest;
				PRODUCT_NAME = "$(TARGET_NAME)";
				PROVISIONING_PROFILE = "84a674c1-10a5-4b79-b2e8-05507424ffec";
				PROVISIONING_PROFILE_SPECIFIER = "match Distribution: org.sagebase.RSDTest";
				SWIFT_VERSION = 4.0;
				TARGETED_DEVICE_FAMILY = "1,2";
			};
			name = Release;
		};
/* End XCBuildConfiguration section */

/* Begin XCConfigurationList section */
		F8B177A8202CD73B00B62416 /* Build configuration list for PBXNativeTarget "RSDCatalog" */ = {
			isa = XCConfigurationList;
			buildConfigurations = (
				F8B177A9202CD73B00B62416 /* Debug */,
				F8B177AA202CD73B00B62416 /* Release */,
			);
			defaultConfigurationIsVisible = 0;
			defaultConfigurationName = Release;
		};
		F8B177AB202CD73B00B62416 /* Build configuration list for PBXNativeTarget "RSDCatalogTests" */ = {
			isa = XCConfigurationList;
			buildConfigurations = (
				F8B177AC202CD73B00B62416 /* Debug */,
				F8B177AD202CD73B00B62416 /* Release */,
			);
			defaultConfigurationIsVisible = 0;
			defaultConfigurationName = Release;
		};
		F8B177AE202CD73B00B62416 /* Build configuration list for PBXNativeTarget "RSDCatalogUITests" */ = {
			isa = XCConfigurationList;
			buildConfigurations = (
				F8B177AF202CD73B00B62416 /* Debug */,
				F8B177B0202CD73B00B62416 /* Release */,
			);
			defaultConfigurationIsVisible = 0;
			defaultConfigurationName = Release;
		};
		FF2415581F7AC31800D0BA5C /* Build configuration list for PBXProject "RSDTestApp" */ = {
			isa = XCConfigurationList;
			buildConfigurations = (
				FF2415831F7AC31900D0BA5C /* Debug */,
				FF2415841F7AC31900D0BA5C /* Release */,
			);
			defaultConfigurationIsVisible = 0;
			defaultConfigurationName = Release;
		};
		FF2415851F7AC31900D0BA5C /* Build configuration list for PBXNativeTarget "RSDTestApp" */ = {
			isa = XCConfigurationList;
			buildConfigurations = (
				FF2415861F7AC31900D0BA5C /* Debug */,
				FF2415871F7AC31900D0BA5C /* Release */,
			);
			defaultConfigurationIsVisible = 0;
			defaultConfigurationName = Release;
		};
/* End XCConfigurationList section */
	};
	rootObject = FF2415551F7AC31800D0BA5C /* Project object */;
}
