// !$*UTF8*$!
{
	archiveVersion = 1;
	classes = {
	};
	objectVersion = 50;
	objects = {

/* Begin PBXBuildFile section */
		FFE0BD2F244520EE00B941BC /* AppDelegate.swift in Sources */ = {isa = PBXBuildFile; fileRef = FFE0BD2E244520EE00B941BC /* AppDelegate.swift */; };
		FFE0BD31244520EE00B941BC /* ViewController.swift in Sources */ = {isa = PBXBuildFile; fileRef = FFE0BD30244520EE00B941BC /* ViewController.swift */; };
		FFE0BD33244520EF00B941BC /* Assets.xcassets in Resources */ = {isa = PBXBuildFile; fileRef = FFE0BD32244520EF00B941BC /* Assets.xcassets */; };
		FFE0BD36244520EF00B941BC /* Main.storyboard in Resources */ = {isa = PBXBuildFile; fileRef = FFE0BD34244520EF00B941BC /* Main.storyboard */; };
		FFE0BD40244521B400B941BC /* Research.framework in Frameworks */ = {isa = PBXBuildFile; fileRef = FFE0BD3F244521B400B941BC /* Research.framework */; };
		FFE0BD41244521B400B941BC /* Research.framework in Embed Frameworks */ = {isa = PBXBuildFile; fileRef = FFE0BD3F244521B400B941BC /* Research.framework */; settings = {ATTRIBUTES = (CodeSignOnCopy, RemoveHeadersOnCopy, ); }; };
		FFE0BD44244522B800B941BC /* DragView.swift in Sources */ = {isa = PBXBuildFile; fileRef = FFE0BD43244522B800B941BC /* DragView.swift */; };
/* End PBXBuildFile section */

/* Begin PBXCopyFilesBuildPhase section */
		FFE0BD42244521B400B941BC /* Embed Frameworks */ = {
			isa = PBXCopyFilesBuildPhase;
			buildActionMask = 2147483647;
			dstPath = "";
			dstSubfolderSpec = 10;
			files = (
				FFE0BD41244521B400B941BC /* Research.framework in Embed Frameworks */,
			);
			name = "Embed Frameworks";
			runOnlyForDeploymentPostprocessing = 0;
		};
/* End PBXCopyFilesBuildPhase section */

/* Begin PBXFileReference section */
		FFE0BD2B244520EE00B941BC /* JsonConverter.app */ = {isa = PBXFileReference; explicitFileType = wrapper.application; includeInIndex = 0; path = JsonConverter.app; sourceTree = BUILT_PRODUCTS_DIR; };
		FFE0BD2E244520EE00B941BC /* AppDelegate.swift */ = {isa = PBXFileReference; lastKnownFileType = sourcecode.swift; path = AppDelegate.swift; sourceTree = "<group>"; };
		FFE0BD30244520EE00B941BC /* ViewController.swift */ = {isa = PBXFileReference; lastKnownFileType = sourcecode.swift; path = ViewController.swift; sourceTree = "<group>"; };
		FFE0BD32244520EF00B941BC /* Assets.xcassets */ = {isa = PBXFileReference; lastKnownFileType = folder.assetcatalog; path = Assets.xcassets; sourceTree = "<group>"; };
		FFE0BD35244520EF00B941BC /* Base */ = {isa = PBXFileReference; lastKnownFileType = file.storyboard; name = Base; path = Base.lproj/Main.storyboard; sourceTree = "<group>"; };
		FFE0BD37244520EF00B941BC /* Info.plist */ = {isa = PBXFileReference; lastKnownFileType = text.plist.xml; path = Info.plist; sourceTree = "<group>"; };
		FFE0BD38244520EF00B941BC /* JsonConverter.entitlements */ = {isa = PBXFileReference; lastKnownFileType = text.plist.entitlements; path = JsonConverter.entitlements; sourceTree = "<group>"; };
		FFE0BD3F244521B400B941BC /* Research.framework */ = {isa = PBXFileReference; explicitFileType = wrapper.framework; path = Research.framework; sourceTree = BUILT_PRODUCTS_DIR; };
		FFE0BD43244522B800B941BC /* DragView.swift */ = {isa = PBXFileReference; fileEncoding = 4; lastKnownFileType = sourcecode.swift; path = DragView.swift; sourceTree = "<group>"; };
/* End PBXFileReference section */

/* Begin PBXFrameworksBuildPhase section */
		FFE0BD28244520EE00B941BC /* Frameworks */ = {
			isa = PBXFrameworksBuildPhase;
			buildActionMask = 2147483647;
			files = (
				FFE0BD40244521B400B941BC /* Research.framework in Frameworks */,
			);
			runOnlyForDeploymentPostprocessing = 0;
		};
/* End PBXFrameworksBuildPhase section */

/* Begin PBXGroup section */
		FFE0BD22244520EE00B941BC = {
			isa = PBXGroup;
			children = (
				FFE0BD2D244520EE00B941BC /* JsonConverter */,
				FFE0BD2C244520EE00B941BC /* Products */,
				FFE0BD3E244521B400B941BC /* Frameworks */,
			);
			sourceTree = "<group>";
		};
		FFE0BD2C244520EE00B941BC /* Products */ = {
			isa = PBXGroup;
			children = (
				FFE0BD2B244520EE00B941BC /* JsonConverter.app */,
			);
			name = Products;
			sourceTree = "<group>";
		};
		FFE0BD2D244520EE00B941BC /* JsonConverter */ = {
			isa = PBXGroup;
			children = (
				FFE0BD43244522B800B941BC /* DragView.swift */,
				FFE0BD2E244520EE00B941BC /* AppDelegate.swift */,
				FFE0BD30244520EE00B941BC /* ViewController.swift */,
				FFE0BD32244520EF00B941BC /* Assets.xcassets */,
				FFE0BD34244520EF00B941BC /* Main.storyboard */,
				FFE0BD37244520EF00B941BC /* Info.plist */,
				FFE0BD38244520EF00B941BC /* JsonConverter.entitlements */,
			);
			path = JsonConverter;
			sourceTree = "<group>";
		};
		FFE0BD3E244521B400B941BC /* Frameworks */ = {
			isa = PBXGroup;
			children = (
				FFE0BD3F244521B400B941BC /* Research.framework */,
			);
			name = Frameworks;
			sourceTree = "<group>";
		};
/* End PBXGroup section */

/* Begin PBXNativeTarget section */
		FFE0BD2A244520EE00B941BC /* JsonConverter */ = {
			isa = PBXNativeTarget;
			buildConfigurationList = FFE0BD3B244520EF00B941BC /* Build configuration list for PBXNativeTarget "JsonConverter" */;
			buildPhases = (
				FFE0BD27244520EE00B941BC /* Sources */,
				FFE0BD28244520EE00B941BC /* Frameworks */,
				FFE0BD29244520EE00B941BC /* Resources */,
				FFE0BD42244521B400B941BC /* Embed Frameworks */,
			);
			buildRules = (
			);
			dependencies = (
			);
			name = JsonConverter;
			productName = JsonConverter;
			productReference = FFE0BD2B244520EE00B941BC /* JsonConverter.app */;
			productType = "com.apple.product-type.application";
		};
/* End PBXNativeTarget section */

/* Begin PBXProject section */
		FFE0BD23244520EE00B941BC /* Project object */ = {
			isa = PBXProject;
			attributes = {
				LastSwiftUpdateCheck = 1120;
				LastUpgradeCheck = 1120;
				ORGANIZATIONNAME = "Sage Bionetworks";
				TargetAttributes = {
					FFE0BD2A244520EE00B941BC = {
						CreatedOnToolsVersion = 11.2.1;
					};
				};
			};
			buildConfigurationList = FFE0BD26244520EE00B941BC /* Build configuration list for PBXProject "JsonConverter" */;
			compatibilityVersion = "Xcode 9.3";
			developmentRegion = en;
			hasScannedForEncodings = 0;
			knownRegions = (
				en,
				Base,
			);
			mainGroup = FFE0BD22244520EE00B941BC;
			productRefGroup = FFE0BD2C244520EE00B941BC /* Products */;
			projectDirPath = "";
			projectRoot = "";
			targets = (
				FFE0BD2A244520EE00B941BC /* JsonConverter */,
			);
		};
/* End PBXProject section */

/* Begin PBXResourcesBuildPhase section */
		FFE0BD29244520EE00B941BC /* Resources */ = {
			isa = PBXResourcesBuildPhase;
			buildActionMask = 2147483647;
			files = (
				FFE0BD33244520EF00B941BC /* Assets.xcassets in Resources */,
				FFE0BD36244520EF00B941BC /* Main.storyboard in Resources */,
			);
			runOnlyForDeploymentPostprocessing = 0;
		};
/* End PBXResourcesBuildPhase section */

/* Begin PBXSourcesBuildPhase section */
		FFE0BD27244520EE00B941BC /* Sources */ = {
			isa = PBXSourcesBuildPhase;
			buildActionMask = 2147483647;
			files = (
				FFE0BD31244520EE00B941BC /* ViewController.swift in Sources */,
				FFE0BD2F244520EE00B941BC /* AppDelegate.swift in Sources */,
				FFE0BD44244522B800B941BC /* DragView.swift in Sources */,
			);
			runOnlyForDeploymentPostprocessing = 0;
		};
/* End PBXSourcesBuildPhase section */

/* Begin PBXVariantGroup section */
		FFE0BD34244520EF00B941BC /* Main.storyboard */ = {
			isa = PBXVariantGroup;
			children = (
				FFE0BD35244520EF00B941BC /* Base */,
			);
			name = Main.storyboard;
			sourceTree = "<group>";
		};
/* End PBXVariantGroup section */

/* Begin XCBuildConfiguration section */
		FFE0BD39244520EF00B941BC /* Debug */ = {
			isa = XCBuildConfiguration;
			buildSettings = {
				ALWAYS_SEARCH_USER_PATHS = NO;
				CLANG_ANALYZER_NONNULL = YES;
				CLANG_ANALYZER_NUMBER_OBJECT_CONVERSION = YES_AGGRESSIVE;
				CLANG_CXX_LANGUAGE_STANDARD = "gnu++14";
				CLANG_CXX_LIBRARY = "libc++";
				CLANG_ENABLE_MODULES = YES;
				CLANG_ENABLE_OBJC_ARC = YES;
				CLANG_ENABLE_OBJC_WEAK = YES;
				CLANG_WARN_BLOCK_CAPTURE_AUTORELEASING = YES;
				CLANG_WARN_BOOL_CONVERSION = YES;
				CLANG_WARN_COMMA = YES;
				CLANG_WARN_CONSTANT_CONVERSION = YES;
				CLANG_WARN_DEPRECATED_OBJC_IMPLEMENTATIONS = YES;
				CLANG_WARN_DIRECT_OBJC_ISA_USAGE = YES_ERROR;
				CLANG_WARN_DOCUMENTATION_COMMENTS = YES;
				CLANG_WARN_EMPTY_BODY = YES;
				CLANG_WARN_ENUM_CONVERSION = YES;
				CLANG_WARN_INFINITE_RECURSION = YES;
				CLANG_WARN_INT_CONVERSION = YES;
				CLANG_WARN_NON_LITERAL_NULL_CONVERSION = YES;
				CLANG_WARN_OBJC_IMPLICIT_RETAIN_SELF = YES;
				CLANG_WARN_OBJC_LITERAL_CONVERSION = YES;
				CLANG_WARN_OBJC_ROOT_CLASS = YES_ERROR;
				CLANG_WARN_RANGE_LOOP_ANALYSIS = YES;
				CLANG_WARN_STRICT_PROTOTYPES = YES;
				CLANG_WARN_SUSPICIOUS_MOVE = YES;
				CLANG_WARN_UNGUARDED_AVAILABILITY = YES_AGGRESSIVE;
				CLANG_WARN_UNREACHABLE_CODE = YES;
				CLANG_WARN__DUPLICATE_METHOD_MATCH = YES;
				COPY_PHASE_STRIP = NO;
				DEBUG_INFORMATION_FORMAT = dwarf;
				ENABLE_STRICT_OBJC_MSGSEND = YES;
				ENABLE_TESTABILITY = YES;
				GCC_C_LANGUAGE_STANDARD = gnu11;
				GCC_DYNAMIC_NO_PIC = NO;
				GCC_NO_COMMON_BLOCKS = YES;
				GCC_OPTIMIZATION_LEVEL = 0;
				GCC_PREPROCESSOR_DEFINITIONS = (
					"DEBUG=1",
					"$(inherited)",
				);
				GCC_WARN_64_TO_32_BIT_CONVERSION = YES;
				GCC_WARN_ABOUT_RETURN_TYPE = YES_ERROR;
				GCC_WARN_UNDECLARED_SELECTOR = YES;
				GCC_WARN_UNINITIALIZED_AUTOS = YES_AGGRESSIVE;
				GCC_WARN_UNUSED_FUNCTION = YES;
				GCC_WARN_UNUSED_VARIABLE = YES;
				MACOSX_DEPLOYMENT_TARGET = 10.15;
				MTL_ENABLE_DEBUG_INFO = INCLUDE_SOURCE;
				MTL_FAST_MATH = YES;
				ONLY_ACTIVE_ARCH = YES;
				SDKROOT = macosx;
				SWIFT_ACTIVE_COMPILATION_CONDITIONS = DEBUG;
				SWIFT_OPTIMIZATION_LEVEL = "-Onone";
			};
			name = Debug;
		};
		FFE0BD3A244520EF00B941BC /* Release */ = {
			isa = XCBuildConfiguration;
			buildSettings = {
				ALWAYS_SEARCH_USER_PATHS = NO;
				CLANG_ANALYZER_NONNULL = YES;
				CLANG_ANALYZER_NUMBER_OBJECT_CONVERSION = YES_AGGRESSIVE;
				CLANG_CXX_LANGUAGE_STANDARD = "gnu++14";
				CLANG_CXX_LIBRARY = "libc++";
				CLANG_ENABLE_MODULES = YES;
				CLANG_ENABLE_OBJC_ARC = YES;
				CLANG_ENABLE_OBJC_WEAK = YES;
				CLANG_WARN_BLOCK_CAPTURE_AUTORELEASING = YES;
				CLANG_WARN_BOOL_CONVERSION = YES;
				CLANG_WARN_COMMA = YES;
				CLANG_WARN_CONSTANT_CONVERSION = YES;
				CLANG_WARN_DEPRECATED_OBJC_IMPLEMENTATIONS = YES;
				CLANG_WARN_DIRECT_OBJC_ISA_USAGE = YES_ERROR;
				CLANG_WARN_DOCUMENTATION_COMMENTS = YES;
				CLANG_WARN_EMPTY_BODY = YES;
				CLANG_WARN_ENUM_CONVERSION = YES;
				CLANG_WARN_INFINITE_RECURSION = YES;
				CLANG_WARN_INT_CONVERSION = YES;
				CLANG_WARN_NON_LITERAL_NULL_CONVERSION = YES;
				CLANG_WARN_OBJC_IMPLICIT_RETAIN_SELF = YES;
				CLANG_WARN_OBJC_LITERAL_CONVERSION = YES;
				CLANG_WARN_OBJC_ROOT_CLASS = YES_ERROR;
				CLANG_WARN_RANGE_LOOP_ANALYSIS = YES;
				CLANG_WARN_STRICT_PROTOTYPES = YES;
				CLANG_WARN_SUSPICIOUS_MOVE = YES;
				CLANG_WARN_UNGUARDED_AVAILABILITY = YES_AGGRESSIVE;
				CLANG_WARN_UNREACHABLE_CODE = YES;
				CLANG_WARN__DUPLICATE_METHOD_MATCH = YES;
				COPY_PHASE_STRIP = NO;
				DEBUG_INFORMATION_FORMAT = "dwarf-with-dsym";
				ENABLE_NS_ASSERTIONS = NO;
				ENABLE_STRICT_OBJC_MSGSEND = YES;
				GCC_C_LANGUAGE_STANDARD = gnu11;
				GCC_NO_COMMON_BLOCKS = YES;
				GCC_WARN_64_TO_32_BIT_CONVERSION = YES;
				GCC_WARN_ABOUT_RETURN_TYPE = YES_ERROR;
				GCC_WARN_UNDECLARED_SELECTOR = YES;
				GCC_WARN_UNINITIALIZED_AUTOS = YES_AGGRESSIVE;
				GCC_WARN_UNUSED_FUNCTION = YES;
				GCC_WARN_UNUSED_VARIABLE = YES;
				MACOSX_DEPLOYMENT_TARGET = 10.15;
				MTL_ENABLE_DEBUG_INFO = NO;
				MTL_FAST_MATH = YES;
				SDKROOT = macosx;
				SWIFT_COMPILATION_MODE = wholemodule;
				SWIFT_OPTIMIZATION_LEVEL = "-O";
			};
			name = Release;
		};
		FFE0BD3C244520EF00B941BC /* Debug */ = {
			isa = XCBuildConfiguration;
			buildSettings = {
				ASSETCATALOG_COMPILER_APPICON_NAME = AppIcon;
				CODE_SIGN_ENTITLEMENTS = JsonConverter/JsonConverter.entitlements;
				CODE_SIGN_STYLE = Automatic;
				COMBINE_HIDPI_IMAGES = YES;
				DEVELOPMENT_TEAM = KA9Z8R6M6K;
				ENABLE_HARDENED_RUNTIME = YES;
				INFOPLIST_FILE = JsonConverter/Info.plist;
				LD_RUNPATH_SEARCH_PATHS = (
					"$(inherited)",
					"@executable_path/../Frameworks",
				);
				PRODUCT_BUNDLE_IDENTIFIER = org.sagebionetworks.JsonConverter;
				PRODUCT_NAME = "$(TARGET_NAME)";
				SWIFT_VERSION = 5.0;
			};
			name = Debug;
		};
		FFE0BD3D244520EF00B941BC /* Release */ = {
			isa = XCBuildConfiguration;
			buildSettings = {
				ASSETCATALOG_COMPILER_APPICON_NAME = AppIcon;
				CODE_SIGN_ENTITLEMENTS = JsonConverter/JsonConverter.entitlements;
				CODE_SIGN_STYLE = Automatic;
				COMBINE_HIDPI_IMAGES = YES;
				DEVELOPMENT_TEAM = KA9Z8R6M6K;
				ENABLE_HARDENED_RUNTIME = YES;
				INFOPLIST_FILE = JsonConverter/Info.plist;
				LD_RUNPATH_SEARCH_PATHS = (
					"$(inherited)",
					"@executable_path/../Frameworks",
				);
				PRODUCT_BUNDLE_IDENTIFIER = org.sagebionetworks.JsonConverter;
				PRODUCT_NAME = "$(TARGET_NAME)";
				SWIFT_VERSION = 5.0;
			};
			name = Release;
		};
/* End XCBuildConfiguration section */

/* Begin XCConfigurationList section */
		FFE0BD26244520EE00B941BC /* Build configuration list for PBXProject "JsonConverter" */ = {
			isa = XCConfigurationList;
			buildConfigurations = (
				FFE0BD39244520EF00B941BC /* Debug */,
				FFE0BD3A244520EF00B941BC /* Release */,
			);
			defaultConfigurationIsVisible = 0;
			defaultConfigurationName = Release;
		};
		FFE0BD3B244520EF00B941BC /* Build configuration list for PBXNativeTarget "JsonConverter" */ = {
			isa = XCConfigurationList;
			buildConfigurations = (
				FFE0BD3C244520EF00B941BC /* Debug */,
				FFE0BD3D244520EF00B941BC /* Release */,
			);
			defaultConfigurationIsVisible = 0;
			defaultConfigurationName = Release;
		};
/* End XCConfigurationList section */
	};
	rootObject = FFE0BD23244520EE00B941BC /* Project object */;
}
